
Microsoft Visual Studio Solution File, Format Version 12.00
# Visual Studio 2012
Project("{FAE04EC0-301F-11D3-BF4B-00C04F79EFBC}") = "MPG_Calculator", "MPG_Calculator\MPG_Calculator.csproj", "{EB9D423E-F0DD-42D9-AD35-0D01A475AA1D}"
EndProject
Global
	GlobalSection(SolutionConfigurationPlatforms) = preSolution
		Debug|iPhoneSimulator = Debug|iPhoneSimulator
		Release|iPhone = Release|iPhone
		Release|iPhoneSimulator = Release|iPhoneSimulator
		Debug|iPhone = Debug|iPhone
	EndGlobalSection
	GlobalSection(ProjectConfigurationPlatforms) = postSolution
		{EB9D423E-F0DD-42D9-AD35-0D01A475AA1D}.Debug|iPhoneSimulator.ActiveCfg = Debug|iPhoneSimulator
		{EB9D423E-F0DD-42D9-AD35-0D01A475AA1D}.Debug|iPhoneSimulator.Build.0 = Debug|iPhoneSimulator
		{EB9D423E-F0DD-42D9-AD35-0D01A475AA1D}.Release|iPhone.ActiveCfg = Release|iPhone
		{EB9D423E-F0DD-42D9-AD35-0D01A475AA1D}.Release|iPhone.Build.0 = Release|iPhone
		{EB9D423E-F0DD-42D9-AD35-0D01A475AA1D}.Release|iPhoneSimulator.ActiveCfg = Release|iPhoneSimulator
		{EB9D423E-F0DD-42D9-AD35-0D01A475AA1D}.Release|iPhoneSimulator.Build.0 = Release|iPhoneSimulator
		{EB9D423E-F0DD-42D9-AD35-0D01A475AA1D}.Debug|iPhone.ActiveCfg = Debug|iPhone
		{EB9D423E-F0DD-42D9-AD35-0D01A475AA1D}.Debug|iPhone.Build.0 = Debug|iPhone
	EndGlobalSection
EndGlobal
